PODS:
  - FBSnapshotTestCase (2.1.4):
    - FBSnapshotTestCase/SwiftSupport (= 2.1.4)
  - FBSnapshotTestCase/Core (2.1.4)
  - FBSnapshotTestCase/SwiftSupport (2.1.4):
    - FBSnapshotTestCase/Core
  - YJSStockGridView (0.1.0)

DEPENDENCIES:
  - FBSnapshotTestCase
  - YJSStockGridView (from `../`)

SPEC REPOS:
  trunk:
    - FBSnapshotTestCase

EXTERNAL SOURCES:
  YJSStockGridView:
    :path: "../"

SPEC CHECKSUMS:
  FBSnapshotTestCase: 094f9f314decbabe373b87cc339bea235a63e07a
  YJSStockGridView: b8844b7e06032cc52e8b6483f9b4a577e2d50e5a

PODFILE CHECKSUM: 6cd1a228915c9db0aae16232d0ae9a712d9aca94

COCOAPODS: 1.9.1
